
Microsoft Visual Studio Solution File, Format Version 12.00
# Visual Studio 15
VisualStudioVersion = 15.0.28010.2046
MinimumVisualStudioVersion = 10.0.40219.1
Project("{8BC9CEB8-8B4A-11D0-8D11-00A0C91BC942}") = "embedded_code", "embedded_code\embedded_code.vcxproj", "{9B334967-45C3-4543-A86F-1796FDE118CA}"
EndProject
Global
	GlobalSection(SolutionConfigurationPlatforms) = preSolution
		Debug|x64 = Debug|x64
		Debug|x86 = Debug|x86
		Release|x64 = Release|x64
		Release|x86 = Release|x86
	EndGlobalSection
	GlobalSection(ProjectConfigurationPlatforms) = postSolution
		{9B334967-45C3-4543-A86F-1796FDE118CA}.Debug|x64.ActiveCfg = Debug|x64
		{9B334967-45C3-4543-A86F-1796FDE118CA}.Debug|x64.Build.0 = Debug|x64
		{9B334967-45C3-4543-A86F-1796FDE118CA}.Debug|x86.ActiveCfg = Debug|Win32
		{9B334967-45C3-4543-A86F-1796FDE118CA}.Debug|x86.Build.0 = Debug|Win32
		{9B334967-45C3-4543-A86F-1796FDE118CA}.Release|x64.ActiveCfg = Release|x64
		{9B334967-45C3-4543-A86F-1796FDE118CA}.Release|x64.Build.0 = Release|x64
		{9B334967-45C3-4543-A86F-1796FDE118CA}.Release|x86.ActiveCfg = Release|Win32
		{9B334967-45C3-4543-A86F-1796FDE118CA}.Release|x86.Build.0 = Release|Win32
	EndGlobalSection
	GlobalSection(SolutionProperties) = preSolution
		HideSolutionNode = FALSE
	EndGlobalSection
	GlobalSection(ExtensibilityGlobals) = postSolution
		SolutionGuid = {793E38F5-58DB-4FCC-9F97-C9E3249599C1}
	EndGlobalSection
EndGlobal
